{
  "name": "spell-card-web-app",
  "version": "1.0.0",
  "lockfileVersion": 2,
  "requires": true,
  "packages": {
    "": {
      "name": "spell-card-web-app",
      "version": "1.0.0",
      "license": "ISC",
      "dependencies": {
        "material-bottom-nav": "^1.3.0"
      }
    },
    "node_modules/material-bottom-nav": {
      "version": "1.3.0",
      "resolved": "https://registry.npmjs.org/material-bottom-nav/-/material-bottom-nav-1.3.0.tgz",
      "integrity": "sha512-7RdrTLZGCATZM9UzhRShZf8TMpLB3JC4vSkup4REjJ9ixG71tq4PaDZnn5MouQD7rkyu+lnC/xNgnFDNLqTyDA=="
    }
  },
  "dependencies": {
    "material-bottom-nav": {
      "version": "1.3.0",
      "resolved": "https://registry.npmjs.org/material-bottom-nav/-/material-bottom-nav-1.3.0.tgz",
      "integrity": "sha512-7RdrTLZGCATZM9UzhRShZf8TMpLB3JC4vSkup4REjJ9ixG71tq4PaDZnn5MouQD7rkyu+lnC/xNgnFDNLqTyDA=="
    }
  }
}
